
Microsoft Visual Studio Solution File, Format Version 12.00
# Visual Studio 15
VisualStudioVersion = 15.0.28307.1145
MinimumVisualStudioVersion = 10.0.40219.1
Project("{FAE04EC0-301F-11D3-BF4B-00C04F79EFBC}") = "PizzaApplication", "PizzaApplication\PizzaApplication.csproj", "{9F0756C9-FF88-4880-B224-92A9A555578C}"
EndProject
Global
	GlobalSection(SolutionConfigurationPlatforms) = preSolution
		Debug|Any CPU = Debug|Any CPU
		Release|Any CPU = Release|Any CPU
	EndGlobalSection
	GlobalSection(ProjectConfigurationPlatforms) = postSolution
		{9F0756C9-FF88-4880-B224-92A9A555578C}.Debug|Any CPU.ActiveCfg = Debug|Any CPU
		{9F0756C9-FF88-4880-B224-92A9A555578C}.Debug|Any CPU.Build.0 = Debug|Any CPU
		{9F0756C9-FF88-4880-B224-92A9A555578C}.Release|Any CPU.ActiveCfg = Release|Any CPU
		{9F0756C9-FF88-4880-B224-92A9A555578C}.Release|Any CPU.Build.0 = Release|Any CPU
	EndGlobalSection
	GlobalSection(SolutionProperties) = preSolution
		HideSolutionNode = FALSE
	EndGlobalSection
	GlobalSection(ExtensibilityGlobals) = postSolution
		SolutionGuid = {33714BD0-1D84-4846-83E6-6D7AB13580BF}
	EndGlobalSection
EndGlobal
